
Microsoft Visual Studio Solution File, Format Version 12.00
# Visual Studio Version 16
VisualStudioVersion = 16.0.31424.327
MinimumVisualStudioVersion = 10.0.40219.1
Project("{9A19103F-16F7-4668-BE54-9A1E7A4F7556}") = "DataStructure", "DataStructure\DataStructure.csproj", "{04C58579-5ECD-4C0E-828B-4C17FC2A2700}"
EndProject
Project("{9A19103F-16F7-4668-BE54-9A1E7A4F7556}") = "SinglyLinkedList", "DataStructure.Model\SinglyLinkedList.csproj", "{13B98098-1696-41DB-8FE2-CDD72B4B9568}"
EndProject
Project("{9A19103F-16F7-4668-BE54-9A1E7A4F7556}") = "MyQueue", "DataStructure.Core\MyQueue.csproj", "{24D8B339-9488-4975-BA7F-028ED3352BB8}"
EndProject
Project("{FAE04EC0-301F-11D3-BF4B-00C04F79EFBC}") = "MyStack", "MyStack\MyStack.csproj", "{5A1AA43D-FA15-410F-848D-2574F4B83E47}"
EndProject
Global
	GlobalSection(SolutionConfigurationPlatforms) = preSolution
		Debug|Any CPU = Debug|Any CPU
		Release|Any CPU = Release|Any CPU
	EndGlobalSection
	GlobalSection(ProjectConfigurationPlatforms) = postSolution
		{04C58579-5ECD-4C0E-828B-4C17FC2A2700}.Debug|Any CPU.ActiveCfg = Debug|Any CPU
		{04C58579-5ECD-4C0E-828B-4C17FC2A2700}.Debug|Any CPU.Build.0 = Debug|Any CPU
		{04C58579-5ECD-4C0E-828B-4C17FC2A2700}.Release|Any CPU.ActiveCfg = Release|Any CPU
		{04C58579-5ECD-4C0E-828B-4C17FC2A2700}.Release|Any CPU.Build.0 = Release|Any CPU
		{13B98098-1696-41DB-8FE2-CDD72B4B9568}.Debug|Any CPU.ActiveCfg = Debug|Any CPU
		{13B98098-1696-41DB-8FE2-CDD72B4B9568}.Debug|Any CPU.Build.0 = Debug|Any CPU
		{13B98098-1696-41DB-8FE2-CDD72B4B9568}.Release|Any CPU.ActiveCfg = Release|Any CPU
		{13B98098-1696-41DB-8FE2-CDD72B4B9568}.Release|Any CPU.Build.0 = Release|Any CPU
		{24D8B339-9488-4975-BA7F-028ED3352BB8}.Debug|Any CPU.ActiveCfg = Debug|Any CPU
		{24D8B339-9488-4975-BA7F-028ED3352BB8}.Debug|Any CPU.Build.0 = Debug|Any CPU
		{24D8B339-9488-4975-BA7F-028ED3352BB8}.Release|Any CPU.ActiveCfg = Release|Any CPU
		{24D8B339-9488-4975-BA7F-028ED3352BB8}.Release|Any CPU.Build.0 = Release|Any CPU
		{5A1AA43D-FA15-410F-848D-2574F4B83E47}.Debug|Any CPU.ActiveCfg = Debug|Any CPU
		{5A1AA43D-FA15-410F-848D-2574F4B83E47}.Debug|Any CPU.Build.0 = Debug|Any CPU
		{5A1AA43D-FA15-410F-848D-2574F4B83E47}.Release|Any CPU.ActiveCfg = Release|Any CPU
		{5A1AA43D-FA15-410F-848D-2574F4B83E47}.Release|Any CPU.Build.0 = Release|Any CPU
	EndGlobalSection
	GlobalSection(SolutionProperties) = preSolution
		HideSolutionNode = FALSE
	EndGlobalSection
	GlobalSection(ExtensibilityGlobals) = postSolution
		SolutionGuid = {D7CCBAD4-CC65-45CF-916F-331D07CABC09}
	EndGlobalSection
EndGlobal
